
Microsoft Visual Studio Solution File, Format Version 12.00
# Visual Studio Version 17
VisualStudioVersion = 17.0.31903.59
MinimumVisualStudioVersion = 10.0.40219.1
Project("{FAE04EC0-301F-11D3-BF4B-00C04F79EFBC}") = "BookingRoom.API", "BookingRoom.API\BookingRoom.API.csproj", "{BA5B8888-9E49-4E96-9D04-7ACD99194284}"
EndProject
Project("{FAE04EC0-301F-11D3-BF4B-00C04F79EFBC}") = "BookingRoom.Core", "BookingRoom.Core\BookingRoom.Core.csproj", "{4A2DF202-89C4-49D4-BE7F-68B83E1BD19E}"
EndProject
Project("{FAE04EC0-301F-11D3-BF4B-00C04F79EFBC}") = "BookingRoom.Infrastructure", "BookingRoom.Infrastructure\BookingRoom.Infrastructure.csproj", "{734F9A02-C8AF-4511-9C12-326AE5BFBB82}"
EndProject
Project("{FAE04EC0-301F-11D3-BF4B-00C04F79EFBC}") = "BookingRoom.Application", "BookingRoom.Application\BookingRoom.Application.csproj", "{62B21BEE-18CA-41EC-92D7-4348DBACAF38}"
EndProject
Global
	GlobalSection(SolutionConfigurationPlatforms) = preSolution
		Debug|Any CPU = Debug|Any CPU
		Debug|x64 = Debug|x64
		Debug|x86 = Debug|x86
		Release|Any CPU = Release|Any CPU
		Release|x64 = Release|x64
		Release|x86 = Release|x86
	EndGlobalSection
	GlobalSection(ProjectConfigurationPlatforms) = postSolution
		{BA5B8888-9E49-4E96-9D04-7ACD99194284}.Debug|Any CPU.ActiveCfg = Debug|Any CPU
		{BA5B8888-9E49-4E96-9D04-7ACD99194284}.Debug|Any CPU.Build.0 = Debug|Any CPU
		{BA5B8888-9E49-4E96-9D04-7ACD99194284}.Debug|x64.ActiveCfg = Debug|Any CPU
		{BA5B8888-9E49-4E96-9D04-7ACD99194284}.Debug|x64.Build.0 = Debug|Any CPU
		{BA5B8888-9E49-4E96-9D04-7ACD99194284}.Debug|x86.ActiveCfg = Debug|Any CPU
		{BA5B8888-9E49-4E96-9D04-7ACD99194284}.Debug|x86.Build.0 = Debug|Any CPU
		{BA5B8888-9E49-4E96-9D04-7ACD99194284}.Release|Any CPU.ActiveCfg = Release|Any CPU
		{BA5B8888-9E49-4E96-9D04-7ACD99194284}.Release|Any CPU.Build.0 = Release|Any CPU
		{BA5B8888-9E49-4E96-9D04-7ACD99194284}.Release|x64.ActiveCfg = Release|Any CPU
		{BA5B8888-9E49-4E96-9D04-7ACD99194284}.Release|x64.Build.0 = Release|Any CPU
		{BA5B8888-9E49-4E96-9D04-7ACD99194284}.Release|x86.ActiveCfg = Release|Any CPU
		{BA5B8888-9E49-4E96-9D04-7ACD99194284}.Release|x86.Build.0 = Release|Any CPU
		{4A2DF202-89C4-49D4-BE7F-68B83E1BD19E}.Debug|Any CPU.ActiveCfg = Debug|Any CPU
		{4A2DF202-89C4-49D4-BE7F-68B83E1BD19E}.Debug|Any CPU.Build.0 = Debug|Any CPU
		{4A2DF202-89C4-49D4-BE7F-68B83E1BD19E}.Debug|x64.ActiveCfg = Debug|Any CPU
		{4A2DF202-89C4-49D4-BE7F-68B83E1BD19E}.Debug|x64.Build.0 = Debug|Any CPU
		{4A2DF202-89C4-49D4-BE7F-68B83E1BD19E}.Debug|x86.ActiveCfg = Debug|Any CPU
		{4A2DF202-89C4-49D4-BE7F-68B83E1BD19E}.Debug|x86.Build.0 = Debug|Any CPU
		{4A2DF202-89C4-49D4-BE7F-68B83E1BD19E}.Release|Any CPU.ActiveCfg = Release|Any CPU
		{4A2DF202-89C4-49D4-BE7F-68B83E1BD19E}.Release|Any CPU.Build.0 = Release|Any CPU
		{4A2DF202-89C4-49D4-BE7F-68B83E1BD19E}.Release|x64.ActiveCfg = Release|Any CPU
		{4A2DF202-89C4-49D4-BE7F-68B83E1BD19E}.Release|x64.Build.0 = Release|Any CPU
		{4A2DF202-89C4-49D4-BE7F-68B83E1BD19E}.Release|x86.ActiveCfg = Release|Any CPU
		{4A2DF202-89C4-49D4-BE7F-68B83E1BD19E}.Release|x86.Build.0 = Release|Any CPU
		{734F9A02-C8AF-4511-9C12-326AE5BFBB82}.Debug|Any CPU.ActiveCfg = Debug|Any CPU
		{734F9A02-C8AF-4511-9C12-326AE5BFBB82}.Debug|Any CPU.Build.0 = Debug|Any CPU
		{734F9A02-C8AF-4511-9C12-326AE5BFBB82}.Debug|x64.ActiveCfg = Debug|Any CPU
		{734F9A02-C8AF-4511-9C12-326AE5BFBB82}.Debug|x64.Build.0 = Debug|Any CPU
		{734F9A02-C8AF-4511-9C12-326AE5BFBB82}.Debug|x86.ActiveCfg = Debug|Any CPU
		{734F9A02-C8AF-4511-9C12-326AE5BFBB82}.Debug|x86.Build.0 = Debug|Any CPU
		{734F9A02-C8AF-4511-9C12-326AE5BFBB82}.Release|Any CPU.ActiveCfg = Release|Any CPU
		{734F9A02-C8AF-4511-9C12-326AE5BFBB82}.Release|Any CPU.Build.0 = Release|Any CPU
		{734F9A02-C8AF-4511-9C12-326AE5BFBB82}.Release|x64.ActiveCfg = Release|Any CPU
		{734F9A02-C8AF-4511-9C12-326AE5BFBB82}.Release|x64.Build.0 = Release|Any CPU
		{734F9A02-C8AF-4511-9C12-326AE5BFBB82}.Release|x86.ActiveCfg = Release|Any CPU
		{734F9A02-C8AF-4511-9C12-326AE5BFBB82}.Release|x86.Build.0 = Release|Any CPU
		{62B21BEE-18CA-41EC-92D7-4348DBACAF38}.Debug|Any CPU.ActiveCfg = Debug|Any CPU
		{62B21BEE-18CA-41EC-92D7-4348DBACAF38}.Debug|Any CPU.Build.0 = Debug|Any CPU
		{62B21BEE-18CA-41EC-92D7-4348DBACAF38}.Debug|x64.ActiveCfg = Debug|Any CPU
		{62B21BEE-18CA-41EC-92D7-4348DBACAF38}.Debug|x64.Build.0 = Debug|Any CPU
		{62B21BEE-18CA-41EC-92D7-4348DBACAF38}.Debug|x86.ActiveCfg = Debug|Any CPU
		{62B21BEE-18CA-41EC-92D7-4348DBACAF38}.Debug|x86.Build.0 = Debug|Any CPU
		{62B21BEE-18CA-41EC-92D7-4348DBACAF38}.Release|Any CPU.ActiveCfg = Release|Any CPU
		{62B21BEE-18CA-41EC-92D7-4348DBACAF38}.Release|Any CPU.Build.0 = Release|Any CPU
		{62B21BEE-18CA-41EC-92D7-4348DBACAF38}.Release|x64.ActiveCfg = Release|Any CPU
		{62B21BEE-18CA-41EC-92D7-4348DBACAF38}.Release|x64.Build.0 = Release|Any CPU
		{62B21BEE-18CA-41EC-92D7-4348DBACAF38}.Release|x86.ActiveCfg = Release|Any CPU
		{62B21BEE-18CA-41EC-92D7-4348DBACAF38}.Release|x86.Build.0 = Release|Any CPU
	EndGlobalSection
	GlobalSection(SolutionProperties) = preSolution
		HideSolutionNode = FALSE
	EndGlobalSection
EndGlobal
